
Microsoft Visual Studio Solution File, Format Version 12.00
# Visual Studio Version 17
VisualStudioVersion = 17.8.34316.72
MinimumVisualStudioVersion = 10.0.40219.1
Project("{FAE04EC0-301F-11D3-BF4B-00C04F79EFBC}") = "DesafioCSharp", "DesafioCSharp\DesafioCSharp.csproj", "{D843BBF0-1EF6-4065-980D-F36002E42ED3}"
EndProject
Global
	GlobalSection(SolutionConfigurationPlatforms) = preSolution
		Debug|Any CPU = Debug|Any CPU
		Release|Any CPU = Release|Any CPU
	EndGlobalSection
	GlobalSection(ProjectConfigurationPlatforms) = postSolution
		{D843BBF0-1EF6-4065-980D-F36002E42ED3}.Debug|Any CPU.ActiveCfg = Debug|Any CPU
		{D843BBF0-1EF6-4065-980D-F36002E42ED3}.Debug|Any CPU.Build.0 = Debug|Any CPU
		{D843BBF0-1EF6-4065-980D-F36002E42ED3}.Release|Any CPU.ActiveCfg = Release|Any CPU
		{D843BBF0-1EF6-4065-980D-F36002E42ED3}.Release|Any CPU.Build.0 = Release|Any CPU
	EndGlobalSection
	GlobalSection(SolutionProperties) = preSolution
		HideSolutionNode = FALSE
	EndGlobalSection
	GlobalSection(ExtensibilityGlobals) = postSolution
		SolutionGuid = {153BD299-554B-4A9A-9136-A7C2CD898846}
	EndGlobalSection
EndGlobal
